Microsoft Visual Studio Solution File, Format Version 11.00
# Visual Studio 2008

Project("{5BABEED1-C321-3EA2-515E-7B6FE721AFC9}") = "Project_Skull_Island", "Assembly-CSharp.csproj", "{7FED4EAA-67E4-A8DE-105B-1C79C88CF223}"
EndProject
Global
	GlobalSection(SolutionConfigurationPlatforms) = preSolution
		Debug|Any CPU = Debug|Any CPU
		Release|Any CPU = Release|Any CPU
	EndGlobalSection
	GlobalSection(ProjectConfigurationPlatforms) = postSolution
		{7FED4EAA-67E4-A8DE-105B-1C79C88CF223}.Debug|Any CPU.ActiveCfg = Debug|Any CPU
		{7FED4EAA-67E4-A8DE-105B-1C79C88CF223}.Debug|Any CPU.Build.0 = Debug|Any CPU
		{7FED4EAA-67E4-A8DE-105B-1C79C88CF223}.Release|Any CPU.ActiveCfg = Release|Any CPU
		{7FED4EAA-67E4-A8DE-105B-1C79C88CF223}.Release|Any CPU.Build.0 = Release|Any CPU
	EndGlobalSection
	GlobalSection(SolutionProperties) = preSolution
		HideSolutionNode = FALSE
	EndGlobalSection
	GlobalSection(MonoDevelopProperties) = preSolution
		StartupItem = Assembly-CSharp.csproj
	EndGlobalSection
EndGlobal
